{
  "name": "@pooltogether/api-gas-updater",
  "version": "1.0.0",
  "lockfileVersion": 2,
  "requires": true,
  "packages": {
    "": {
      "name": "@pooltogether/api-gas-updater",
      "version": "1.0.0",
      "license": "MIT",
      "dependencies": {
        "@glenstack/cf-workers-hcaptcha": "^1.0.0",
        "hcaptcha": "^0.1.0"
      },
      "devDependencies": {
        "prettier": "^1.18.2"
      }
    },
    "node_modules/@glenstack/cf-workers-hcaptcha": {
      "version": "1.0.0",
      "resolved": "https://registry.npmjs.org/@glenstack/cf-workers-hcaptcha/-/cf-workers-hcaptcha-1.0.0.tgz",
      "integrity": "sha512-ecRS8XtGplEz0Jj/o2giEL0/MnBD1NejeKW62QjhbmPnxXl0lGS5xXOQhhQN7huIt3L86hY2HQl51A/LqnLJdQ==",
      "license": "MIT"
    },
    "node_modules/hcaptcha": {
      "version": "0.1.0",
      "resolved": "https://registry.npmjs.org/hcaptcha/-/hcaptcha-0.1.0.tgz",
      "integrity": "sha512-mVRkhNcOuP7QJO50nYdu3vS+uaOg6Ku2HpMy50C2EckjB9DlnwX24iePi912IXuVIq5L8ukjISG4Ea6MimZ5+w==",
      "license": "MIT"
    },
    "node_modules/prettier": {
      "version": "1.19.1",
      "resolved": "https://registry.npmjs.org/prettier/-/prettier-1.19.1.tgz",
      "integrity": "sha512-s7PoyDv/II1ObgQunCbB9PdLmUcBZcnWOcxDh7O0N/UwDEsHyqkW+Qh28jW+mVuCdx7gLB0BotYI1Y6uI9iyew==",
      "dev": true,
      "license": "MIT",
      "bin": {
        "prettier": "bin-prettier.js"
      },
      "engines": {
        "node": ">=4"
      }
    }
  },
  "dependencies": {
    "@glenstack/cf-workers-hcaptcha": {
      "version": "1.0.0",
      "resolved": "https://registry.npmjs.org/@glenstack/cf-workers-hcaptcha/-/cf-workers-hcaptcha-1.0.0.tgz",
      "integrity": "sha512-ecRS8XtGplEz0Jj/o2giEL0/MnBD1NejeKW62QjhbmPnxXl0lGS5xXOQhhQN7huIt3L86hY2HQl51A/LqnLJdQ=="
    },
    "hcaptcha": {
      "version": "0.1.0",
      "resolved": "https://registry.npmjs.org/hcaptcha/-/hcaptcha-0.1.0.tgz",
      "integrity": "sha512-mVRkhNcOuP7QJO50nYdu3vS+uaOg6Ku2HpMy50C2EckjB9DlnwX24iePi912IXuVIq5L8ukjISG4Ea6MimZ5+w=="
    },
    "prettier": {
      "version": "1.19.1",
      "resolved": "https://registry.npmjs.org/prettier/-/prettier-1.19.1.tgz",
      "integrity": "sha512-s7PoyDv/II1ObgQunCbB9PdLmUcBZcnWOcxDh7O0N/UwDEsHyqkW+Qh28jW+mVuCdx7gLB0BotYI1Y6uI9iyew==",
      "dev": true
    }
  }
}
