{
  "name": "@pooltogether/api-entrypoint",
  "version": "1.0.0",
  "lockfileVersion": 2,
  "requires": true,
  "packages": {
    "": {
      "name": "@pooltogether/api-entrypoint",
      "version": "1.0.0",
      "license": "MIT",
      "dependencies": {
        "@pooltogether/current-pool-data": "^3.4.25"
      },
      "devDependencies": {
        "prettier": "^1.18.2"
      }
    },
    "node_modules/@pooltogether/current-pool-data": {
      "version": "3.4.25",
      "resolved": "https://registry.npmjs.org/@pooltogether/current-pool-data/-/current-pool-data-3.4.25.tgz",
      "integrity": "sha512-My/9zujn9+9N1qJ7VowSdFyvIDMkxHNk+DM/5c1eOMT50yp/0W8HiteNuKCmqpSip1aN/xJHvS7zakBnl1vcdA=="
    },
    "node_modules/prettier": {
      "version": "1.19.1",
      "resolved": "https://registry.npmjs.org/prettier/-/prettier-1.19.1.tgz",
      "integrity": "sha512-s7PoyDv/II1ObgQunCbB9PdLmUcBZcnWOcxDh7O0N/UwDEsHyqkW+Qh28jW+mVuCdx7gLB0BotYI1Y6uI9iyew==",
      "dev": true,
      "license": "MIT",
      "bin": {
        "prettier": "bin-prettier.js"
      },
      "engines": {
        "node": ">=4"
      }
    }
  },
  "dependencies": {
    "@pooltogether/current-pool-data": {
      "version": "3.4.25",
      "resolved": "https://registry.npmjs.org/@pooltogether/current-pool-data/-/current-pool-data-3.4.25.tgz",
      "integrity": "sha512-My/9zujn9+9N1qJ7VowSdFyvIDMkxHNk+DM/5c1eOMT50yp/0W8HiteNuKCmqpSip1aN/xJHvS7zakBnl1vcdA=="
    },
    "prettier": {
      "version": "1.19.1",
      "resolved": "https://registry.npmjs.org/prettier/-/prettier-1.19.1.tgz",
      "integrity": "sha512-s7PoyDv/II1ObgQunCbB9PdLmUcBZcnWOcxDh7O0N/UwDEsHyqkW+Qh28jW+mVuCdx7gLB0BotYI1Y6uI9iyew==",
      "dev": true
    }
  }
}
