# THIS IS AN AUTOGENERATED FILE. DO NOT EDIT THIS FILE DIRECTLY.
# yarn lockfile v1


"@pooltogether/current-pool-data@^3.5.3":
  version "3.5.3"
  resolved "https://registry.yarnpkg.com/@pooltogether/current-pool-data/-/current-pool-data-3.5.3.tgz#f10fb9d0096a707f4f6395902848cc57f8bae5a4"
  integrity sha512-mPKsvYy1FlD/9/xa/ATIhAivT2U/up/L2/V4UFIJkvapHXItxv4ILbMZjwNn0h6iFvJPnt2lFpDi1EEXdX8N0w==

prettier@^1.18.2:
  version "1.19.1"
  resolved "https://registry.npmjs.org/prettier/-/prettier-1.19.1.tgz"
  integrity sha512-s7PoyDv/II1ObgQunCbB9PdLmUcBZcnWOcxDh7O0N/UwDEsHyqkW+Qh28jW+mVuCdx7gLB0BotYI1Y6uI9iyew==
