# THIS IS AN AUTOGENERATED FILE. DO NOT EDIT THIS FILE DIRECTLY.
# yarn lockfile v1


"@pooltogether/current-pool-data@^3.4.25":
  "integrity" "sha512-My/9zujn9+9N1qJ7VowSdFyvIDMkxHNk+DM/5c1eOMT50yp/0W8HiteNuKCmqpSip1aN/xJHvS7zakBnl1vcdA=="
  "resolved" "https://registry.npmjs.org/@pooltogether/current-pool-data/-/current-pool-data-3.4.25.tgz"
  "version" "3.4.25"

"prettier@^1.18.2":
  "integrity" "sha512-s7PoyDv/II1ObgQunCbB9PdLmUcBZcnWOcxDh7O0N/UwDEsHyqkW+Qh28jW+mVuCdx7gLB0BotYI1Y6uI9iyew=="
  "resolved" "https://registry.npmjs.org/prettier/-/prettier-1.19.1.tgz"
  "version" "1.19.1"
